
Microsoft Visual Studio Solution File, Format Version 12.00
# Visual Studio Version 16
VisualStudioVersion = 16.0.30621.155
MinimumVisualStudioVersion = 10.0.40219.1
Project("{FAE04EC0-301F-11D3-BF4B-00C04F79EFBC}") = "Dragons_Breath", "Dragons_Breath\Dragons_Breath.csproj", "{558F0412-7861-4FD9-B435-BC407DE89058}"
EndProject
Global
	GlobalSection(SolutionConfigurationPlatforms) = preSolution
		Debug|Any CPU = Debug|Any CPU
		Release|Any CPU = Release|Any CPU
	EndGlobalSection
	GlobalSection(ProjectConfigurationPlatforms) = postSolution
		{558F0412-7861-4FD9-B435-BC407DE89058}.Debug|Any CPU.ActiveCfg = Debug|Any CPU
		{558F0412-7861-4FD9-B435-BC407DE89058}.Debug|Any CPU.Build.0 = Debug|Any CPU
		{558F0412-7861-4FD9-B435-BC407DE89058}.Release|Any CPU.ActiveCfg = Release|Any CPU
		{558F0412-7861-4FD9-B435-BC407DE89058}.Release|Any CPU.Build.0 = Release|Any CPU
	EndGlobalSection
	GlobalSection(SolutionProperties) = preSolution
		HideSolutionNode = FALSE
	EndGlobalSection
	GlobalSection(ExtensibilityGlobals) = postSolution
		SolutionGuid = {22DB27EC-9D95-4325-8C02-D93ABE708FB3}
	EndGlobalSection
EndGlobal
